
Microsoft Visual Studio Solution File, Format Version 12.00
# Visual Studio Version 17
VisualStudioVersion = 17.1.32421.90
MinimumVisualStudioVersion = 10.0.40219.1
Project("{FAE04EC0-301F-11D3-BF4B-00C04F79EFBC}") = "ProjetoAPICore", "ProjetoAPICore\ProjetoAPICore.csproj", "{0D6DD55B-5E8B-4F0C-AF52-0D6B9F2D3DF0}"
EndProject
Global
	GlobalSection(SolutionConfigurationPlatforms) = preSolution
		Debug|Any CPU = Debug|Any CPU
		Release|Any CPU = Release|Any CPU
	EndGlobalSection
	GlobalSection(ProjectConfigurationPlatforms) = postSolution
		{0D6DD55B-5E8B-4F0C-AF52-0D6B9F2D3DF0}.Debug|Any CPU.ActiveCfg = Debug|Any CPU
		{0D6DD55B-5E8B-4F0C-AF52-0D6B9F2D3DF0}.Debug|Any CPU.Build.0 = Debug|Any CPU
		{0D6DD55B-5E8B-4F0C-AF52-0D6B9F2D3DF0}.Release|Any CPU.ActiveCfg = Release|Any CPU
		{0D6DD55B-5E8B-4F0C-AF52-0D6B9F2D3DF0}.Release|Any CPU.Build.0 = Release|Any CPU
	EndGlobalSection
	GlobalSection(SolutionProperties) = preSolution
		HideSolutionNode = FALSE
	EndGlobalSection
	GlobalSection(ExtensibilityGlobals) = postSolution
		SolutionGuid = {79E40070-D691-49CD-8E7F-4A2629015A2E}
	EndGlobalSection
EndGlobal
